
Microsoft Visual Studio Solution File, Format Version 12.00
# Visual Studio Version 17
VisualStudioVersion = 17.5.33627.172
MinimumVisualStudioVersion = 10.0.40219.1
Project("{2150E333-8FDC-42A3-9474-1A3956D46DE8}") = "Services", "Services", "{CC26655B-9508-4555-9662-62DFC4A92450}"
EndProject
Project("{9A19103F-16F7-4668-BE54-9A1E7A4F7556}") = "TheDashboard.TileService", "TheDashboard.TileService\TheDashboard.TileService.csproj", "{86AAB0DA-381E-40E1-A064-1DB0FEE7C1CD}"
EndProject
Project("{9A19103F-16F7-4668-BE54-9A1E7A4F7556}") = "TheDashboard.DashboardService", "TheDashboard.DashboardService\TheDashboard.DashboardService.csproj", "{CAF60264-9AF6-4C37-A8AA-A0B83A50DF13}"
EndProject
Project("{9A19103F-16F7-4668-BE54-9A1E7A4F7556}") = "TheDashboard.DatabaseLayer", "TheDashboard.DatabaseLayer\TheDashboard.DatabaseLayer.csproj", "{952DACD8-D7CE-4EB4-A87B-21F6F4AC8B12}"
EndProject
Project("{9A19103F-16F7-4668-BE54-9A1E7A4F7556}") = "TheDashboard.BuildingBlocks", "TheDashboard.BuildingBlocks\TheDashboard.BuildingBlocks.csproj", "{8F4BAD91-6703-44FD-964A-F72F8305DC9C}"
EndProject
Project("{9A19103F-16F7-4668-BE54-9A1E7A4F7556}") = "TheDashboard.Frontend", "TheDashboard.Frontend\TheDashboard.Frontend.csproj", "{4F6518BC-37DC-4AA1-A3CF-BF364BBA8E5B}"
EndProject
Project("{9A19103F-16F7-4668-BE54-9A1E7A4F7556}") = "TheDashboard.UiInfoService", "TheDashboard.UiInfoService\TheDashboard.UiInfoService.csproj", "{A67B46F0-DB85-49C8-BA78-5DD85517E4D8}"
EndProject
Project("{9A19103F-16F7-4668-BE54-9A1E7A4F7556}") = "TheDashboard.DataConsumerService", "TheDashboard.DataConsumerService\TheDashboard.DataConsumerService.csproj", "{5DA5E315-D09B-4DC2-A2DF-201C5AE87034}"
EndProject
Project("{2150E333-8FDC-42A3-9474-1A3956D46DE8}") = "Dashboard", "Dashboard", "{04117A4F-1373-46E1-BAAB-66810870A1E3}"
EndProject
Project("{2150E333-8FDC-42A3-9474-1A3956D46DE8}") = "Tiles", "Tiles", "{E86D5915-DC0B-453E-B211-676244AE9955}"
EndProject
Project("{2150E333-8FDC-42A3-9474-1A3956D46DE8}") = "Data", "Data", "{96D3A800-7415-4B7D-9FAC-422FCE850368}"
EndProject
Project("{2150E333-8FDC-42A3-9474-1A3956D46DE8}") = "UI", "UI", "{F927FD31-747A-4515-ACA2-B5BAD85DC1BA}"
EndProject
Project("{9A19103F-16F7-4668-BE54-9A1E7A4F7556}") = "TheDashboard.DashboardService.Tests", "test\TheDashboard.DashboardService.Tests\TheDashboard.DashboardService.Tests.csproj", "{6F9E9BBA-505B-41AA-B5CB-050133C992BC}"
EndProject
Project("{9A19103F-16F7-4668-BE54-9A1E7A4F7556}") = "TheDashboard.TileService.Test", "test\TheDashboard.TileService.Test\TheDashboard.TileService.Test.csproj", "{D01D6EE3-DD12-4C1D-9EDF-78FADC050981}"
EndProject
Project("{9A19103F-16F7-4668-BE54-9A1E7A4F7556}") = "TheDashboard.DataConsumerService.Test", "test\TheDashboard.DstaConsumerService.Test\TheDashboard.DataConsumerService.Test.csproj", "{3D81F982-03C1-41E8-87C3-BA99E411AE48}"
EndProject
Project("{9A19103F-16F7-4668-BE54-9A1E7A4F7556}") = "TheDashboard.UiInfoService.Test", "test\TheDashboard.UiInfoService.Test\TheDashboard.UiInfoService.Test.csproj", "{5291F46D-D6EB-41D1-AF2A-380447AF1ED3}"
EndProject
Project("{2150E333-8FDC-42A3-9474-1A3956D46DE8}") = "Frontend", "Frontend", "{CBA98E14-311C-47C6-9E9F-72A428BEB093}"
EndProject
Project("{9A19103F-16F7-4668-BE54-9A1E7A4F7556}") = "TheDashboard.Ui", "TheDashboard.Ui\TheDashboard.Ui.csproj", "{FF47CC3C-8B63-42B0-A798-5321F392F4E4}"
EndProject
Project("{9A19103F-16F7-4668-BE54-9A1E7A4F7556}") = "TheDashboard.ViewModels", "TheDashboard.ViewModels\TheDashboard.ViewModels.csproj", "{18CB05D8-02C7-4156-AABE-AD83D3D6B42D}"
EndProject
Project("{E53339B2-1760-4266-BCC7-CA923CBCF16C}") = "docker-compose", "docker-compose.dcproj", "{5F8FEEE1-7B85-495E-AFC2-6FB574B1BC1B}"
EndProject
Project("{2150E333-8FDC-42A3-9474-1A3956D46DE8}") = "Solution Items", "Solution Items", "{FA94CB8F-ABF3-48BD-B3B2-E98E9AC68DF3}"
	ProjectSection(SolutionItems) = preProject
		Credentials.txt = Credentials.txt
		README.md = README.md
		start.ps1 = start.ps1
		start.cmd = start.cmd
		start.sh = start.sh
	EndProjectSection
EndProject
Project("{2150E333-8FDC-42A3-9474-1A3956D46DE8}") = "BackendForFrontend", "BackendForFrontend", "{33CE4906-3CC5-4099-902A-9B72A79D4FCE}"
EndProject
Project("{2150E333-8FDC-42A3-9474-1A3956D46DE8}") = "Proxy", "Proxy", "{2FEB1A40-E872-49C5-9757-D11AD3706148}"
EndProject
Project("{9A19103F-16F7-4668-BE54-9A1E7A4F7556}") = "TheDashboard.Proxy", "TheDashboard.Proxy\TheDashboard.Proxy.csproj", "{23CDE96E-2BE8-419D-895D-4C11CB61C025}"
EndProject
Project("{9A19103F-16F7-4668-BE54-9A1E7A4F7556}") = "TheDashboard.SharedEntities", "TheDashboard.SharedEntities\TheDashboard.SharedEntities.csproj", "{C705D5B9-1B6A-4DE3-A3D9-38552AA16952}"
EndProject
Global
	GlobalSection(SolutionConfigurationPlatforms) = preSolution
		Debug|Any CPU = Debug|Any CPU
		Release|Any CPU = Release|Any CPU
	EndGlobalSection
	GlobalSection(ProjectConfigurationPlatforms) = postSolution
		{86AAB0DA-381E-40E1-A064-1DB0FEE7C1CD}.Debug|Any CPU.ActiveCfg = Debug|Any CPU
		{86AAB0DA-381E-40E1-A064-1DB0FEE7C1CD}.Debug|Any CPU.Build.0 = Debug|Any CPU
		{86AAB0DA-381E-40E1-A064-1DB0FEE7C1CD}.Release|Any CPU.ActiveCfg = Release|Any CPU
		{86AAB0DA-381E-40E1-A064-1DB0FEE7C1CD}.Release|Any CPU.Build.0 = Release|Any CPU
		{CAF60264-9AF6-4C37-A8AA-A0B83A50DF13}.Debug|Any CPU.ActiveCfg = Debug|Any CPU
		{CAF60264-9AF6-4C37-A8AA-A0B83A50DF13}.Debug|Any CPU.Build.0 = Debug|Any CPU
		{CAF60264-9AF6-4C37-A8AA-A0B83A50DF13}.Release|Any CPU.ActiveCfg = Release|Any CPU
		{CAF60264-9AF6-4C37-A8AA-A0B83A50DF13}.Release|Any CPU.Build.0 = Release|Any CPU
		{952DACD8-D7CE-4EB4-A87B-21F6F4AC8B12}.Debug|Any CPU.ActiveCfg = Debug|Any CPU
		{952DACD8-D7CE-4EB4-A87B-21F6F4AC8B12}.Debug|Any CPU.Build.0 = Debug|Any CPU
		{952DACD8-D7CE-4EB4-A87B-21F6F4AC8B12}.Release|Any CPU.ActiveCfg = Release|Any CPU
		{952DACD8-D7CE-4EB4-A87B-21F6F4AC8B12}.Release|Any CPU.Build.0 = Release|Any CPU
		{8F4BAD91-6703-44FD-964A-F72F8305DC9C}.Debug|Any CPU.ActiveCfg = Debug|Any CPU
		{8F4BAD91-6703-44FD-964A-F72F8305DC9C}.Debug|Any CPU.Build.0 = Debug|Any CPU
		{8F4BAD91-6703-44FD-964A-F72F8305DC9C}.Release|Any CPU.ActiveCfg = Release|Any CPU
		{8F4BAD91-6703-44FD-964A-F72F8305DC9C}.Release|Any CPU.Build.0 = Release|Any CPU
		{4F6518BC-37DC-4AA1-A3CF-BF364BBA8E5B}.Debug|Any CPU.ActiveCfg = Debug|Any CPU
		{4F6518BC-37DC-4AA1-A3CF-BF364BBA8E5B}.Debug|Any CPU.Build.0 = Debug|Any CPU
		{4F6518BC-37DC-4AA1-A3CF-BF364BBA8E5B}.Release|Any CPU.ActiveCfg = Release|Any CPU
		{4F6518BC-37DC-4AA1-A3CF-BF364BBA8E5B}.Release|Any CPU.Build.0 = Release|Any CPU
		{A67B46F0-DB85-49C8-BA78-5DD85517E4D8}.Debug|Any CPU.ActiveCfg = Debug|Any CPU
		{A67B46F0-DB85-49C8-BA78-5DD85517E4D8}.Debug|Any CPU.Build.0 = Debug|Any CPU
		{A67B46F0-DB85-49C8-BA78-5DD85517E4D8}.Release|Any CPU.ActiveCfg = Release|Any CPU
		{A67B46F0-DB85-49C8-BA78-5DD85517E4D8}.Release|Any CPU.Build.0 = Release|Any CPU
		{5DA5E315-D09B-4DC2-A2DF-201C5AE87034}.Debug|Any CPU.ActiveCfg = Debug|Any CPU
		{5DA5E315-D09B-4DC2-A2DF-201C5AE87034}.Debug|Any CPU.Build.0 = Debug|Any CPU
		{5DA5E315-D09B-4DC2-A2DF-201C5AE87034}.Release|Any CPU.ActiveCfg = Release|Any CPU
		{5DA5E315-D09B-4DC2-A2DF-201C5AE87034}.Release|Any CPU.Build.0 = Release|Any CPU
		{6F9E9BBA-505B-41AA-B5CB-050133C992BC}.Debug|Any CPU.ActiveCfg = Debug|Any CPU
		{6F9E9BBA-505B-41AA-B5CB-050133C992BC}.Debug|Any CPU.Build.0 = Debug|Any CPU
		{6F9E9BBA-505B-41AA-B5CB-050133C992BC}.Release|Any CPU.ActiveCfg = Release|Any CPU
		{6F9E9BBA-505B-41AA-B5CB-050133C992BC}.Release|Any CPU.Build.0 = Release|Any CPU
		{D01D6EE3-DD12-4C1D-9EDF-78FADC050981}.Debug|Any CPU.ActiveCfg = Debug|Any CPU
		{D01D6EE3-DD12-4C1D-9EDF-78FADC050981}.Debug|Any CPU.Build.0 = Debug|Any CPU
		{D01D6EE3-DD12-4C1D-9EDF-78FADC050981}.Release|Any CPU.ActiveCfg = Release|Any CPU
		{D01D6EE3-DD12-4C1D-9EDF-78FADC050981}.Release|Any CPU.Build.0 = Release|Any CPU
		{3D81F982-03C1-41E8-87C3-BA99E411AE48}.Debug|Any CPU.ActiveCfg = Debug|Any CPU
		{3D81F982-03C1-41E8-87C3-BA99E411AE48}.Debug|Any CPU.Build.0 = Debug|Any CPU
		{3D81F982-03C1-41E8-87C3-BA99E411AE48}.Release|Any CPU.ActiveCfg = Release|Any CPU
		{3D81F982-03C1-41E8-87C3-BA99E411AE48}.Release|Any CPU.Build.0 = Release|Any CPU
		{5291F46D-D6EB-41D1-AF2A-380447AF1ED3}.Debug|Any CPU.ActiveCfg = Debug|Any CPU
		{5291F46D-D6EB-41D1-AF2A-380447AF1ED3}.Debug|Any CPU.Build.0 = Debug|Any CPU
		{5291F46D-D6EB-41D1-AF2A-380447AF1ED3}.Release|Any CPU.ActiveCfg = Release|Any CPU
		{5291F46D-D6EB-41D1-AF2A-380447AF1ED3}.Release|Any CPU.Build.0 = Release|Any CPU
		{FF47CC3C-8B63-42B0-A798-5321F392F4E4}.Debug|Any CPU.ActiveCfg = Debug|Any CPU
		{FF47CC3C-8B63-42B0-A798-5321F392F4E4}.Debug|Any CPU.Build.0 = Debug|Any CPU
		{FF47CC3C-8B63-42B0-A798-5321F392F4E4}.Release|Any CPU.ActiveCfg = Release|Any CPU
		{FF47CC3C-8B63-42B0-A798-5321F392F4E4}.Release|Any CPU.Build.0 = Release|Any CPU
		{18CB05D8-02C7-4156-AABE-AD83D3D6B42D}.Debug|Any CPU.ActiveCfg = Debug|Any CPU
		{18CB05D8-02C7-4156-AABE-AD83D3D6B42D}.Debug|Any CPU.Build.0 = Debug|Any CPU
		{18CB05D8-02C7-4156-AABE-AD83D3D6B42D}.Release|Any CPU.ActiveCfg = Release|Any CPU
		{18CB05D8-02C7-4156-AABE-AD83D3D6B42D}.Release|Any CPU.Build.0 = Release|Any CPU
		{5F8FEEE1-7B85-495E-AFC2-6FB574B1BC1B}.Debug|Any CPU.ActiveCfg = Debug|Any CPU
		{5F8FEEE1-7B85-495E-AFC2-6FB574B1BC1B}.Debug|Any CPU.Build.0 = Debug|Any CPU
		{5F8FEEE1-7B85-495E-AFC2-6FB574B1BC1B}.Release|Any CPU.ActiveCfg = Release|Any CPU
		{5F8FEEE1-7B85-495E-AFC2-6FB574B1BC1B}.Release|Any CPU.Build.0 = Release|Any CPU
		{23CDE96E-2BE8-419D-895D-4C11CB61C025}.Debug|Any CPU.ActiveCfg = Debug|Any CPU
		{23CDE96E-2BE8-419D-895D-4C11CB61C025}.Debug|Any CPU.Build.0 = Debug|Any CPU
		{23CDE96E-2BE8-419D-895D-4C11CB61C025}.Release|Any CPU.ActiveCfg = Release|Any CPU
		{23CDE96E-2BE8-419D-895D-4C11CB61C025}.Release|Any CPU.Build.0 = Release|Any CPU
		{C705D5B9-1B6A-4DE3-A3D9-38552AA16952}.Debug|Any CPU.ActiveCfg = Debug|Any CPU
		{C705D5B9-1B6A-4DE3-A3D9-38552AA16952}.Debug|Any CPU.Build.0 = Debug|Any CPU
		{C705D5B9-1B6A-4DE3-A3D9-38552AA16952}.Release|Any CPU.ActiveCfg = Release|Any CPU
		{C705D5B9-1B6A-4DE3-A3D9-38552AA16952}.Release|Any CPU.Build.0 = Release|Any CPU
	EndGlobalSection
	GlobalSection(SolutionProperties) = preSolution
		HideSolutionNode = FALSE
	EndGlobalSection
	GlobalSection(NestedProjects) = preSolution
		{CC26655B-9508-4555-9662-62DFC4A92450} = {33CE4906-3CC5-4099-902A-9B72A79D4FCE}
		{86AAB0DA-381E-40E1-A064-1DB0FEE7C1CD} = {E86D5915-DC0B-453E-B211-676244AE9955}
		{CAF60264-9AF6-4C37-A8AA-A0B83A50DF13} = {04117A4F-1373-46E1-BAAB-66810870A1E3}
		{4F6518BC-37DC-4AA1-A3CF-BF364BBA8E5B} = {CBA98E14-311C-47C6-9E9F-72A428BEB093}
		{A67B46F0-DB85-49C8-BA78-5DD85517E4D8} = {F927FD31-747A-4515-ACA2-B5BAD85DC1BA}
		{5DA5E315-D09B-4DC2-A2DF-201C5AE87034} = {96D3A800-7415-4B7D-9FAC-422FCE850368}
		{04117A4F-1373-46E1-BAAB-66810870A1E3} = {CC26655B-9508-4555-9662-62DFC4A92450}
		{E86D5915-DC0B-453E-B211-676244AE9955} = {CC26655B-9508-4555-9662-62DFC4A92450}
		{96D3A800-7415-4B7D-9FAC-422FCE850368} = {CC26655B-9508-4555-9662-62DFC4A92450}
		{F927FD31-747A-4515-ACA2-B5BAD85DC1BA} = {CC26655B-9508-4555-9662-62DFC4A92450}
		{6F9E9BBA-505B-41AA-B5CB-050133C992BC} = {04117A4F-1373-46E1-BAAB-66810870A1E3}
		{D01D6EE3-DD12-4C1D-9EDF-78FADC050981} = {E86D5915-DC0B-453E-B211-676244AE9955}
		{3D81F982-03C1-41E8-87C3-BA99E411AE48} = {96D3A800-7415-4B7D-9FAC-422FCE850368}
		{5291F46D-D6EB-41D1-AF2A-380447AF1ED3} = {F927FD31-747A-4515-ACA2-B5BAD85DC1BA}
		{FF47CC3C-8B63-42B0-A798-5321F392F4E4} = {CBA98E14-311C-47C6-9E9F-72A428BEB093}
		{18CB05D8-02C7-4156-AABE-AD83D3D6B42D} = {CBA98E14-311C-47C6-9E9F-72A428BEB093}
		{2FEB1A40-E872-49C5-9757-D11AD3706148} = {33CE4906-3CC5-4099-902A-9B72A79D4FCE}
		{23CDE96E-2BE8-419D-895D-4C11CB61C025} = {2FEB1A40-E872-49C5-9757-D11AD3706148}
	EndGlobalSection
	GlobalSection(ExtensibilityGlobals) = postSolution
		SolutionGuid = {49A4E7E7-741D-4F70-8DAD-C6AAD4EC23E6}
	EndGlobalSection
EndGlobal
